
Microsoft Visual Studio Solution File, Format Version 12.00
Project("{FAE04EC0-301F-11D3-BF4B-00C04F79EFBC}") = "Task17_", "Task17_\Task17_.csproj", "{2822CA55-CD1E-43CD-BC61-EFEA4550697C}"
EndProject
Global
	GlobalSection(SolutionConfigurationPlatforms) = preSolution
		Debug|Any CPU = Debug|Any CPU
		Release|Any CPU = Release|Any CPU
	EndGlobalSection
	GlobalSection(ProjectConfigurationPlatforms) = postSolution
		{2822CA55-CD1E-43CD-BC61-EFEA4550697C}.Debug|Any CPU.ActiveCfg = Debug|Any CPU
		{2822CA55-CD1E-43CD-BC61-EFEA4550697C}.Debug|Any CPU.Build.0 = Debug|Any CPU
		{2822CA55-CD1E-43CD-BC61-EFEA4550697C}.Release|Any CPU.ActiveCfg = Release|Any CPU
		{2822CA55-CD1E-43CD-BC61-EFEA4550697C}.Release|Any CPU.Build.0 = Release|Any CPU
	EndGlobalSection
EndGlobal
